
Microsoft Visual Studio Solution File, Format Version 12.00
# Visual Studio Version 17
VisualStudioVersion = 17.1.32228.430
MinimumVisualStudioVersion = 10.0.40219.1
Project("{9A19103F-16F7-4668-BE54-9A1E7A4F7556}") = "Ejercicio1guiaCAI", "Ejercicio1guiaCAI.csproj", "{0CA16684-4108-4B0E-BB0F-6D9FF68A46B6}"
EndProject
Project("{2150E333-8FDC-42A3-9474-1A3956D46DE8}") = "Solution Items", "Solution Items", "{D6CC8545-D0EE-4B32-A9A8-14D78125A698}"
	ProjectSection(SolutionItems) = preProject
		.editorconfig = .editorconfig
	EndProjectSection
EndProject
Global
	GlobalSection(SolutionConfigurationPlatforms) = preSolution
		Debug|Any CPU = Debug|Any CPU
		Release|Any CPU = Release|Any CPU
	EndGlobalSection
	GlobalSection(ProjectConfigurationPlatforms) = postSolution
		{0CA16684-4108-4B0E-BB0F-6D9FF68A46B6}.Debug|Any CPU.ActiveCfg = Debug|Any CPU
		{0CA16684-4108-4B0E-BB0F-6D9FF68A46B6}.Debug|Any CPU.Build.0 = Debug|Any CPU
		{0CA16684-4108-4B0E-BB0F-6D9FF68A46B6}.Release|Any CPU.ActiveCfg = Release|Any CPU
		{0CA16684-4108-4B0E-BB0F-6D9FF68A46B6}.Release|Any CPU.Build.0 = Release|Any CPU
	EndGlobalSection
	GlobalSection(SolutionProperties) = preSolution
		HideSolutionNode = FALSE
	EndGlobalSection
	GlobalSection(ExtensibilityGlobals) = postSolution
		SolutionGuid = {51F5F5BE-0648-457D-B4FA-246B60959705}
	EndGlobalSection
EndGlobal
